
Microsoft Visual Studio Solution File, Format Version 12.00
# Visual Studio 2012
Project("{FAE04EC0-301F-11D3-BF4B-00C04F79EFBC}") = "FavSites", "FavSites\FavSites.csproj", "{F914A83F-0990-4488-A1DA-D25AC987F18B}"
EndProject
Project("{FAE04EC0-301F-11D3-BF4B-00C04F79EFBC}") = "FavouriteSitesDAL", "FavouriteSitesDAL\FavouriteSitesDAL.csproj", "{B42D3541-28CA-410C-BFE5-2964A12382FD}"
EndProject
Global
	GlobalSection(SolutionConfigurationPlatforms) = preSolution
		Debug|Any CPU = Debug|Any CPU
		Release|Any CPU = Release|Any CPU
	EndGlobalSection
	GlobalSection(ProjectConfigurationPlatforms) = postSolution
		{F914A83F-0990-4488-A1DA-D25AC987F18B}.Debug|Any CPU.ActiveCfg = Debug|Any CPU
		{F914A83F-0990-4488-A1DA-D25AC987F18B}.Debug|Any CPU.Build.0 = Debug|Any CPU
		{F914A83F-0990-4488-A1DA-D25AC987F18B}.Release|Any CPU.ActiveCfg = Release|Any CPU
		{F914A83F-0990-4488-A1DA-D25AC987F18B}.Release|Any CPU.Build.0 = Release|Any CPU
		{B42D3541-28CA-410C-BFE5-2964A12382FD}.Debug|Any CPU.ActiveCfg = Debug|Any CPU
		{B42D3541-28CA-410C-BFE5-2964A12382FD}.Debug|Any CPU.Build.0 = Debug|Any CPU
		{B42D3541-28CA-410C-BFE5-2964A12382FD}.Release|Any CPU.ActiveCfg = Release|Any CPU
		{B42D3541-28CA-410C-BFE5-2964A12382FD}.Release|Any CPU.Build.0 = Release|Any CPU
	EndGlobalSection
	GlobalSection(SolutionProperties) = preSolution
		HideSolutionNode = FALSE
	EndGlobalSection
EndGlobal
